<?xml version="1.0" encoding="utf-8"?>
<Project ToolsVersion="4.0" xmlns="http://schemas.microsoft.com/developer/msbuild/2003">
  <ItemGroup>
    <Filter Include="Source Files">
      <UniqueIdentifier>{1586adbe-02ed-4ea8-a087-941fb766096a}</UniqueIdentifier>
      <Extensions>cpp</Extensions>
    </Filter>
    <Filter Include="Header Files">
      <UniqueIdentifier>{531c8a40-870a-45b3-9d3c-6f0de0c4e0eb}</UniqueIdentifier>
      <Extensions>h</Extensions>
    </Filter>
    <Filter Include="Miscellaneous Files">
      <UniqueIdentifier>{6b3e78fd-ab6d-432d-8d72-757e958fda0c}</UniqueIdentifier>
      <Extensions>txt</Extensions>
    </Filter>
  </ItemGroup>
  <ItemGroup>
    <Text Include="ReadMe.txt">
      <Filter>Miscellaneous Files</Filter>
    </Text>
    <Text Include="Options.txt">
      <Filter>Miscellaneous Files</Filter>
    </Text>
  </ItemGroup>
  <ItemGroup>
    <ClCompile Include="pluginMain.cpp">
      <Filter>Source Files</Filter>
    </ClCompile>
    <ClCompile Include="AssetMetadataMPx.cpp">
      <Filter>Source Files</Filter>
    </ClCompile>
    <ClCompile Include="AssetMetadataCmd.cpp">
      <Filter>Source Files</Filter>
    </ClCompile>
    <ClCompile Include="..\AssetMetadata\AssetMetadata.cpp">
      <Filter>Source Files</Filter>
    </ClCompile>
    <ClCompile Include="..\AssetMetadata\AssetModes.cpp">
      <Filter>Source Files</Filter>
    </ClCompile>
    <ClCompile Include="..\AssetMetadata\AssetTypes.cpp">
      <Filter>Source Files</Filter>
    </ClCompile>
    <ClCompile Include="..\AssetMetadata\base.cpp">
      <Filter>Source Files</Filter>
    </ClCompile>
    <ClCompile Include="..\AssetMetadata\ObjectFlags.cpp">
      <Filter>Source Files</Filter>
    </ClCompile>
    <ClCompile Include="..\AssetMetadata\ObjectRigParts.cpp">
      <Filter>Source Files</Filter>
    </ClCompile>
    <ClCompile Include="..\AssetMetadata\ObjectRigSides.cpp">
      <Filter>Source Files</Filter>
    </ClCompile>
    <ClCompile Include="..\AssetMetadata\ObjectTypes.cpp">
      <Filter>Source Files</Filter>
    </ClCompile>
    <ClCompile Include="..\AssetMetadata\API_Versions.cpp">
      <Filter>Source Files</Filter>
    </ClCompile>
  </ItemGroup>
  <ItemGroup>
    <ClInclude Include="AssetMetadataMPx.h">
      <Filter>Header Files</Filter>
    </ClInclude>
    <ClInclude Include="AssetMetadataCmd.h">
      <Filter>Header Files</Filter>
    </ClInclude>
    <ClInclude Include="..\AssetMetadata\AssetMetadata.h">
      <Filter>Header Files</Filter>
    </ClInclude>
    <ClInclude Include="..\AssetMetadata\AssetModes.h">
      <Filter>Header Files</Filter>
    </ClInclude>
    <ClInclude Include="..\AssetMetadata\AssetTypes.h">
      <Filter>Header Files</Filter>
    </ClInclude>
    <ClInclude Include="..\AssetMetadata\base.h">
      <Filter>Header Files</Filter>
    </ClInclude>
    <ClInclude Include="..\AssetMetadata\ObjectFlags.h">
      <Filter>Header Files</Filter>
    </ClInclude>
    <ClInclude Include="..\AssetMetadata\ObjectRigParts.h">
      <Filter>Header Files</Filter>
    </ClInclude>
    <ClInclude Include="..\AssetMetadata\ObjectRigSides.h">
      <Filter>Header Files</Filter>
    </ClInclude>
    <ClInclude Include="..\AssetMetadata\ObjectTypes.h">
      <Filter>Header Files</Filter>
    </ClInclude>
    <ClInclude Include="..\AssetMetadata\API_Versions.h">
      <Filter>Header Files</Filter>
    </ClInclude>
  </ItemGroup>
</Project>